
Microsoft Visual Studio Solution File, Format Version 12.00
# Visual Studio 15
VisualStudioVersion = 15.0.27004.2008
MinimumVisualStudioVersion = 10.0.40219.1
Project("{FAE04EC0-301F-11D3-BF4B-00C04F79EFBC}") = "Lesson2_string", "Lesson2_string\Lesson2_string.csproj", "{03352876-FED5-4C53-97B3-FD7CFC27E0B2}"
EndProject
Global
	GlobalSection(SolutionConfigurationPlatforms) = preSolution
		Debug|Any CPU = Debug|Any CPU
		Release|Any CPU = Release|Any CPU
	EndGlobalSection
	GlobalSection(ProjectConfigurationPlatforms) = postSolution
		{03352876-FED5-4C53-97B3-FD7CFC27E0B2}.Debug|Any CPU.ActiveCfg = Debug|Any CPU
		{03352876-FED5-4C53-97B3-FD7CFC27E0B2}.Debug|Any CPU.Build.0 = Debug|Any CPU
		{03352876-FED5-4C53-97B3-FD7CFC27E0B2}.Release|Any CPU.ActiveCfg = Release|Any CPU
		{03352876-FED5-4C53-97B3-FD7CFC27E0B2}.Release|Any CPU.Build.0 = Release|Any CPU
	EndGlobalSection
	GlobalSection(SolutionProperties) = preSolution
		HideSolutionNode = FALSE
	EndGlobalSection
	GlobalSection(ExtensibilityGlobals) = postSolution
		SolutionGuid = {6F09F0D9-8D14-41EE-87DB-E8C094670F98}
	EndGlobalSection
EndGlobal
